// !$*UTF8*$!
{
	archiveVersion = 1;
	classes = {
	};
	objectVersion = 46;
	objects = {

/* Begin PBXBuildFile section */
		F0A93FE618B090E500CDB8D9 /* Foundation.framework in Frameworks */ = {isa = PBXBuildFile; fileRef = F0A93FE518B090E500CDB8D9 /* Foundation.framework */; };
		F0A93FE818B090E500CDB8D9 /* CoreGraphics.framework in Frameworks */ = {isa = PBXBuildFile; fileRef = F0A93FE718B090E500CDB8D9 /* CoreGraphics.framework */; };
		F0A93FEA18B090E500CDB8D9 /* UIKit.framework in Frameworks */ = {isa = PBXBuildFile; fileRef = F0A93FE918B090E500CDB8D9 /* UIKit.framework */; };
		F0A93FF018B090E500CDB8D9 /* InfoPlist.strings in Resources */ = {isa = PBXBuildFile; fileRef = F0A93FEE18B090E500CDB8D9 /* InfoPlist.strings */; };
		F0A93FF218B090E500CDB8D9 /* main.m in Sources */ = {isa = PBXBuildFile; fileRef = F0A93FF118B090E500CDB8D9 /* main.m */; };
		F0A93FF618B090E500CDB8D9 /* DZAppDelegate.m in Sources */ = {isa = PBXBuildFile; fileRef = F0A93FF518B090E500CDB8D9 /* DZAppDelegate.m */; };
		F0A93FF918B090E500CDB8D9 /* Main_iPhone.storyboard in Resources */ = {isa = PBXBuildFile; fileRef = F0A93FF718B090E500CDB8D9 /* Main_iPhone.storyboard */; };
		F0A93FFC18B090E500CDB8D9 /* Main_iPad.storyboard in Resources */ = {isa = PBXBuildFile; fileRef = F0A93FFA18B090E500CDB8D9 /* Main_iPad.storyboard */; };
		F0A93FFF18B090E500CDB8D9 /* DZViewController.m in Sources */ = {isa = PBXBuildFile; fileRef = F0A93FFE18B090E500CDB8D9 /* DZViewController.m */; };
		F0A9400118B090E500CDB8D9 /* Images.xcassets in Resources */ = {isa = PBXBuildFile; fileRef = F0A9400018B090E500CDB8D9 /* Images.xcassets */; };
		F0A9400818B090E500CDB8D9 /* XCTest.framework in Frameworks */ = {isa = PBXBuildFile; fileRef = F0A9400718B090E500CDB8D9 /* XCTest.framework */; };
		F0A9400918B090E500CDB8D9 /* Foundation.framework in Frameworks */ = {isa = PBXBuildFile; fileRef = F0A93FE518B090E500CDB8D9 /* Foundation.framework */; };
		F0A9400A18B090E500CDB8D9 /* UIKit.framework in Frameworks */ = {isa = PBXBuildFile; fileRef = F0A93FE918B090E500CDB8D9 /* UIKit.framework */; };
		F0A9401218B090E500CDB8D9 /* InfoPlist.strings in Resources */ = {isa = PBXBuildFile; fileRef = F0A9401018B090E500CDB8D9 /* InfoPlist.strings */; };
		F0A9401418B090E500CDB8D9 /* DZYAPDatabaseTests.m in Sources */ = {isa = PBXBuildFile; fileRef = F0A9401318B090E500CDB8D9 /* DZYAPDatabaseTests.m */; };
		F0A9402018B0917D00CDB8D9 /* DZYAPDatabase.m in Sources */ = {isa = PBXBuildFile; fileRef = F0A9401F18B0917D00CDB8D9 /* DZYAPDatabase.m */; };
		F0A9408718B0919800CDB8D9 /* YapDatabaseFilteredView.m in Sources */ = {isa = PBXBuildFile; fileRef = F0A9402718B0919800CDB8D9 /* YapDatabaseFilteredView.m */; };
		F0A9408818B0919800CDB8D9 /* YapDatabaseFilteredViewConnection.m in Sources */ = {isa = PBXBuildFile; fileRef = F0A9402918B0919800CDB8D9 /* YapDatabaseFilteredViewConnection.m */; };
		F0A9408918B0919800CDB8D9 /* YapDatabaseFilteredViewTransaction.m in Sources */ = {isa = PBXBuildFile; fileRef = F0A9402B18B0919800CDB8D9 /* YapDatabaseFilteredViewTransaction.m */; };
		F0A9408A18B0919800CDB8D9 /* YapDatabaseFullTextSearch.m in Sources */ = {isa = PBXBuildFile; fileRef = F0A9403018B0919800CDB8D9 /* YapDatabaseFullTextSearch.m */; };
		F0A9408B18B0919800CDB8D9 /* YapDatabaseFullTextSearchConnection.m in Sources */ = {isa = PBXBuildFile; fileRef = F0A9403218B0919800CDB8D9 /* YapDatabaseFullTextSearchConnection.m */; };
		F0A9408C18B0919800CDB8D9 /* YapDatabaseFullTextSearchSnippetOptions.m in Sources */ = {isa = PBXBuildFile; fileRef = F0A9403418B0919800CDB8D9 /* YapDatabaseFullTextSearchSnippetOptions.m */; };
		F0A9408D18B0919800CDB8D9 /* YapDatabaseFullTextSearchTransaction.m in Sources */ = {isa = PBXBuildFile; fileRef = F0A9403618B0919800CDB8D9 /* YapDatabaseFullTextSearchTransaction.m */; };
		F0A9408E18B0919800CDB8D9 /* YapDatabaseExtension.m in Sources */ = {isa = PBXBuildFile; fileRef = F0A9403B18B0919800CDB8D9 /* YapDatabaseExtension.m */; };
		F0A9408F18B0919800CDB8D9 /* YapDatabaseExtensionConnection.m in Sources */ = {isa = PBXBuildFile; fileRef = F0A9403D18B0919800CDB8D9 /* YapDatabaseExtensionConnection.m */; };
		F0A9409018B0919800CDB8D9 /* YapDatabaseExtensionTransaction.m in Sources */ = {isa = PBXBuildFile; fileRef = F0A9403F18B0919800CDB8D9 /* YapDatabaseExtensionTransaction.m */; };
		F0A9409118B0919800CDB8D9 /* YapDatabaseSecondaryIndex.m in Sources */ = {isa = PBXBuildFile; fileRef = F0A9404418B0919800CDB8D9 /* YapDatabaseSecondaryIndex.m */; };
		F0A9409218B0919800CDB8D9 /* YapDatabaseSecondaryIndexConnection.m in Sources */ = {isa = PBXBuildFile; fileRef = F0A9404618B0919800CDB8D9 /* YapDatabaseSecondaryIndexConnection.m */; };
		F0A9409318B0919800CDB8D9 /* YapDatabaseSecondaryIndexSetup.m in Sources */ = {isa = PBXBuildFile; fileRef = F0A9404818B0919800CDB8D9 /* YapDatabaseSecondaryIndexSetup.m */; };
		F0A9409418B0919800CDB8D9 /* YapDatabaseSecondaryIndexTransaction.m in Sources */ = {isa = PBXBuildFile; fileRef = F0A9404A18B0919800CDB8D9 /* YapDatabaseSecondaryIndexTransaction.m */; };
		F0A9409518B0919800CDB8D9 /* YapDatabaseViewPage.mm in Sources */ = {isa = PBXBuildFile; fileRef = F0A9405018B0919800CDB8D9 /* YapDatabaseViewPage.mm */; };
		F0A9409618B0919800CDB8D9 /* YapDatabaseViewPageMetadata.m in Sources */ = {isa = PBXBuildFile; fileRef = F0A9405218B0919800CDB8D9 /* YapDatabaseViewPageMetadata.m */; };
		F0A9409718B0919800CDB8D9 /* YapDatabaseViewChange.m in Sources */ = {isa = PBXBuildFile; fileRef = F0A9405718B0919800CDB8D9 /* YapDatabaseViewChange.m */; };
		F0A9409818B0919800CDB8D9 /* YapDatabaseViewMappings.m in Sources */ = {isa = PBXBuildFile; fileRef = F0A9405918B0919800CDB8D9 /* YapDatabaseViewMappings.m */; };
		F0A9409918B0919800CDB8D9 /* YapDatabaseViewRangeOptions.m in Sources */ = {isa = PBXBuildFile; fileRef = F0A9405B18B0919800CDB8D9 /* YapDatabaseViewRangeOptions.m */; };
		F0A9409A18B0919800CDB8D9 /* YapDatabaseView.m in Sources */ = {isa = PBXBuildFile; fileRef = F0A9405D18B0919800CDB8D9 /* YapDatabaseView.m */; };
		F0A9409B18B0919800CDB8D9 /* YapDatabaseViewConnection.m in Sources */ = {isa = PBXBuildFile; fileRef = F0A9405F18B0919800CDB8D9 /* YapDatabaseViewConnection.m */; };
		F0A9409C18B0919800CDB8D9 /* YapDatabaseViewOptions.m in Sources */ = {isa = PBXBuildFile; fileRef = F0A9406118B0919800CDB8D9 /* YapDatabaseViewOptions.m */; };
		F0A9409D18B0919800CDB8D9 /* YapDatabaseViewTransaction.m in Sources */ = {isa = PBXBuildFile; fileRef = F0A9406318B0919800CDB8D9 /* YapDatabaseViewTransaction.m */; };
		F0A9409E18B0919800CDB8D9 /* YapCache.m in Sources */ = {isa = PBXBuildFile; fileRef = F0A9406618B0919800CDB8D9 /* YapCache.m */; };
		F0A9409F18B0919800CDB8D9 /* YapDatabaseConnectionState.m in Sources */ = {isa = PBXBuildFile; fileRef = F0A9406818B0919800CDB8D9 /* YapDatabaseConnectionState.m */; };
		F0A940A018B0919800CDB8D9 /* YapDatabaseDefaults.m in Sources */ = {isa = PBXBuildFile; fileRef = F0A9406A18B0919800CDB8D9 /* YapDatabaseDefaults.m */; };
		F0A940A118B0919800CDB8D9 /* YapDatabaseLogging.m in Sources */ = {isa = PBXBuildFile; fileRef = F0A9406C18B0919800CDB8D9 /* YapDatabaseLogging.m */; };
		F0A940A218B0919800CDB8D9 /* YapDatabaseManager.m in Sources */ = {isa = PBXBuildFile; fileRef = F0A9406E18B0919800CDB8D9 /* YapDatabaseManager.m */; };
		F0A940A318B0919800CDB8D9 /* YapDatabaseStatement.m in Sources */ = {isa = PBXBuildFile; fileRef = F0A9407118B0919800CDB8D9 /* YapDatabaseStatement.m */; };
		F0A940A418B0919800CDB8D9 /* YapMemoryTable.m in Sources */ = {isa = PBXBuildFile; fileRef = F0A9407418B0919800CDB8D9 /* YapMemoryTable.m */; };
		F0A940A518B0919800CDB8D9 /* YapNull.m in Sources */ = {isa = PBXBuildFile; fileRef = F0A9407618B0919800CDB8D9 /* YapNull.m */; };
		F0A940A618B0919800CDB8D9 /* YapTouch.m in Sources */ = {isa = PBXBuildFile; fileRef = F0A9407818B0919800CDB8D9 /* YapTouch.m */; };
		F0A940A718B0919800CDB8D9 /* LICENSE.txt in Resources */ = {isa = PBXBuildFile; fileRef = F0A9407918B0919800CDB8D9 /* LICENSE.txt */; };
		F0A940A818B0919800CDB8D9 /* YapCollectionKey.m in Sources */ = {isa = PBXBuildFile; fileRef = F0A9407C18B0919800CDB8D9 /* YapCollectionKey.m */; };
		F0A940A918B0919800CDB8D9 /* YapDatabaseQuery.m in Sources */ = {isa = PBXBuildFile; fileRef = F0A9407E18B0919800CDB8D9 /* YapDatabaseQuery.m */; };
		F0A940AA18B0919800CDB8D9 /* YapSet.m in Sources */ = {isa = PBXBuildFile; fileRef = F0A9408018B0919800CDB8D9 /* YapSet.m */; };
		F0A940AB18B0919800CDB8D9 /* YapDatabase.m in Sources */ = {isa = PBXBuildFile; fileRef = F0A9408218B0919800CDB8D9 /* YapDatabase.m */; };
		F0A940AC18B0919800CDB8D9 /* YapDatabaseConnection.m in Sources */ = {isa = PBXBuildFile; fileRef = F0A9408418B0919800CDB8D9 /* YapDatabaseConnection.m */; };
		F0A940AD18B0919800CDB8D9 /* YapDatabaseTransaction.m in Sources */ = {isa = PBXBuildFile; fileRef = F0A9408618B0919800CDB8D9 /* YapDatabaseTransaction.m */; };
		F0A940AF18B091F700CDB8D9 /* libsqlite3.dylib in Frameworks */ = {isa = PBXBuildFile; fileRef = F0A940AE18B091F700CDB8D9 /* libsqlite3.dylib */; };
/* End PBXBuildFile section */

/* Begin PBXContainerItemProxy section */
		F0A9400B18B090E500CDB8D9 /* PBXContainerItemProxy */ = {
			isa = PBXContainerItemProxy;
			containerPortal = F0A93FDA18B090E500CDB8D9 /* Project object */;
			proxyType = 1;
			remoteGlobalIDString = F0A93FE118B090E500CDB8D9;
			remoteInfo = DZYAPDatabase;
		};
/* End PBXContainerItemProxy section */

/* Begin PBXFileReference section */
		F0A93FE218B090E500CDB8D9 /* DZYAPDatabase.app */ = {isa = PBXFileReference; explicitFileType = wrapper.application; includeInIndex = 0; path = DZYAPDatabase.app; sourceTree = BUILT_PRODUCTS_DIR; };
		F0A93FE518B090E500CDB8D9 /* Foundation.framework */ = {isa = PBXFileReference; lastKnownFileType = wrapper.framework; name = Foundation.framework; path = System/Library/Frameworks/Foundation.framework; sourceTree = SDKROOT; };
		F0A93FE718B090E500CDB8D9 /* CoreGraphics.framework */ = {isa = PBXFileReference; lastKnownFileType = wrapper.framework; name = CoreGraphics.framework; path = System/Library/Frameworks/CoreGraphics.framework; sourceTree = SDKROOT; };
		F0A93FE918B090E500CDB8D9 /* UIKit.framework */ = {isa = PBXFileReference; lastKnownFileType = wrapper.framework; name = UIKit.framework; path = System/Library/Frameworks/UIKit.framework; sourceTree = SDKROOT; };
		F0A93FED18B090E500CDB8D9 /* DZYAPDatabase-Info.plist */ = {isa = PBXFileReference; lastKnownFileType = text.plist.xml; path = "DZYAPDatabase-Info.plist"; sourceTree = "<group>"; };
		F0A93FEF18B090E500CDB8D9 /* en */ = {isa = PBXFileReference; lastKnownFileType = text.plist.strings; name = en; path = en.lproj/InfoPlist.strings; sourceTree = "<group>"; };
		F0A93FF118B090E500CDB8D9 /* main.m */ = {isa = PBXFileReference; lastKnownFileType = sourcecode.c.objc; path = main.m; sourceTree = "<group>"; };
		F0A93FF318B090E500CDB8D9 /* DZYAPDatabase-Prefix.pch */ = {isa = PBXFileReference; lastKnownFileType = sourcecode.c.h; path = "DZYAPDatabase-Prefix.pch"; sourceTree = "<group>"; };
		F0A93FF418B090E500CDB8D9 /* DZAppDelegate.h */ = {isa = PBXFileReference; lastKnownFileType = sourcecode.c.h; path = DZAppDelegate.h; sourceTree = "<group>"; };
		F0A93FF518B090E500CDB8D9 /* DZAppDelegate.m */ = {isa = PBXFileReference; lastKnownFileType = sourcecode.c.objc; path = DZAppDelegate.m; sourceTree = "<group>"; };
		F0A93FF818B090E500CDB8D9 /* Base */ = {isa = PBXFileReference; lastKnownFileType = file.storyboard; name = Base; path = Base.lproj/Main_iPhone.storyboard; sourceTree = "<group>"; };
		F0A93FFB18B090E500CDB8D9 /* Base */ = {isa = PBXFileReference; lastKnownFileType = file.storyboard; name = Base; path = Base.lproj/Main_iPad.storyboard; sourceTree = "<group>"; };
		F0A93FFD18B090E500CDB8D9 /* DZViewController.h */ = {isa = PBXFileReference; lastKnownFileType = sourcecode.c.h; path = DZViewController.h; sourceTree = "<group>"; };
		F0A93FFE18B090E500CDB8D9 /* DZViewController.m */ = {isa = PBXFileReference; lastKnownFileType = sourcecode.c.objc; path = DZViewController.m; sourceTree = "<group>"; };
		F0A9400018B090E500CDB8D9 /* Images.xcassets */ = {isa = PBXFileReference; lastKnownFileType = folder.assetcatalog; path = Images.xcassets; sourceTree = "<group>"; };
		F0A9400618B090E500CDB8D9 /* DZYAPDatabaseTests.xctest */ = {isa = PBXFileReference; explicitFileType = wrapper.cfbundle; includeInIndex = 0; path = DZYAPDatabaseTests.xctest; sourceTree = BUILT_PRODUCTS_DIR; };
		F0A9400718B090E500CDB8D9 /* XCTest.framework */ = {isa = PBXFileReference; lastKnownFileType = wrapper.framework; name = XCTest.framework; path = Library/Frameworks/XCTest.framework; sourceTree = DEVELOPER_DIR; };
		F0A9400F18B090E500CDB8D9 /* DZYAPDatabaseTests-Info.plist */ = {isa = PBXFileReference; lastKnownFileType = text.plist.xml; path = "DZYAPDatabaseTests-Info.plist"; sourceTree = "<group>"; };
		F0A9401118B090E500CDB8D9 /* en */ = {isa = PBXFileReference; lastKnownFileType = text.plist.strings; name = en; path = en.lproj/InfoPlist.strings; sourceTree = "<group>"; };
		F0A9401318B090E500CDB8D9 /* DZYAPDatabaseTests.m */ = {isa = PBXFileReference; lastKnownFileType = sourcecode.c.objc; path = DZYAPDatabaseTests.m; sourceTree = "<group>"; };
		F0A9401E18B0917D00CDB8D9 /* DZYAPDatabase.h */ = {isa = PBXFileReference; fileEncoding = 4; lastKnownFileType = sourcecode.c.h; name = DZYAPDatabase.h; path = DZYAP/DZYAPDatabase.h; sourceTree = "<group>"; };
		F0A9401F18B0917D00CDB8D9 /* DZYAPDatabase.m */ = {isa = PBXFileReference; fileEncoding = 4; lastKnownFileType = sourcecode.c.objc; name = DZYAPDatabase.m; path = DZYAP/DZYAPDatabase.m; sourceTree = "<group>"; };
		F0A9402518B0919800CDB8D9 /* YapDatabaseFilteredViewPrivate.h */ = {isa = PBXFileReference; fileEncoding = 4; lastKnownFileType = sourcecode.c.h; path = YapDatabaseFilteredViewPrivate.h; sourceTree = "<group>"; };
		F0A9402618B0919800CDB8D9 /* YapDatabaseFilteredView.h */ = {isa = PBXFileReference; fileEncoding = 4; lastKnownFileType = sourcecode.c.h; path = YapDatabaseFilteredView.h; sourceTree = "<group>"; };
		F0A9402718B0919800CDB8D9 /* YapDatabaseFilteredView.m */ = {isa = PBXFileReference; fileEncoding = 4; lastKnownFileType = sourcecode.c.objc; path = YapDatabaseFilteredView.m; sourceTree = "<group>"; };
		F0A9402818B0919800CDB8D9 /* YapDatabaseFilteredViewConnection.h */ = {isa = PBXFileReference; fileEncoding = 4; lastKnownFileType = sourcecode.c.h; path = YapDatabaseFilteredViewConnection.h; sourceTree = "<group>"; };
		F0A9402918B0919800CDB8D9 /* YapDatabaseFilteredViewConnection.m */ = {isa = PBXFileReference; fileEncoding = 4; lastKnownFileType = sourcecode.c.objc; path = YapDatabaseFilteredViewConnection.m; sourceTree = "<group>"; };
		F0A9402A18B0919800CDB8D9 /* YapDatabaseFilteredViewTransaction.h */ = {isa = PBXFileReference; fileEncoding = 4; lastKnownFileType = sourcecode.c.h; path = YapDatabaseFilteredViewTransaction.h; sourceTree = "<group>"; };
		F0A9402B18B0919800CDB8D9 /* YapDatabaseFilteredViewTransaction.m */ = {isa = PBXFileReference; fileEncoding = 4; lastKnownFileType = sourcecode.c.objc; path = YapDatabaseFilteredViewTransaction.m; sourceTree = "<group>"; };
		F0A9402E18B0919800CDB8D9 /* YapDatabaseFullTextSearchPrivate.h */ = {isa = PBXFileReference; fileEncoding = 4; lastKnownFileType = sourcecode.c.h; path = YapDatabaseFullTextSearchPrivate.h; sourceTree = "<group>"; };
		F0A9402F18B0919800CDB8D9 /* YapDatabaseFullTextSearch.h */ = {isa = PBXFileReference; fileEncoding = 4; lastKnownFileType = sourcecode.c.h; path = YapDatabaseFullTextSearch.h; sourceTree = "<group>"; };
		F0A9403018B0919800CDB8D9 /* YapDatabaseFullTextSearch.m */ = {isa = PBXFileReference; fileEncoding = 4; lastKnownFileType = sourcecode.c.objc; path = YapDatabaseFullTextSearch.m; sourceTree = "<group>"; };
		F0A9403118B0919800CDB8D9 /* YapDatabaseFullTextSearchConnection.h */ = {isa = PBXFileReference; fileEncoding = 4; lastKnownFileType = sourcecode.c.h; path = YapDatabaseFullTextSearchConnection.h; sourceTree = "<group>"; };
		F0A9403218B0919800CDB8D9 /* YapDatabaseFullTextSearchConnection.m */ = {isa = PBXFileReference; fileEncoding = 4; lastKnownFileType = sourcecode.c.objc; path = YapDatabaseFullTextSearchConnection.m; sourceTree = "<group>"; };
		F0A9403318B0919800CDB8D9 /* YapDatabaseFullTextSearchSnippetOptions.h */ = {isa = PBXFileReference; fileEncoding = 4; lastKnownFileType = sourcecode.c.h; path = YapDatabaseFullTextSearchSnippetOptions.h; sourceTree = "<group>"; };
		F0A9403418B0919800CDB8D9 /* YapDatabaseFullTextSearchSnippetOptions.m */ = {isa = PBXFileReference; fileEncoding = 4; lastKnownFileType = sourcecode.c.objc; path = YapDatabaseFullTextSearchSnippetOptions.m; sourceTree = "<group>"; };
		F0A9403518B0919800CDB8D9 /* YapDatabaseFullTextSearchTransaction.h */ = {isa = PBXFileReference; fileEncoding = 4; lastKnownFileType = sourcecode.c.h; path = YapDatabaseFullTextSearchTransaction.h; sourceTree = "<group>"; };
		F0A9403618B0919800CDB8D9 /* YapDatabaseFullTextSearchTransaction.m */ = {isa = PBXFileReference; fileEncoding = 4; lastKnownFileType = sourcecode.c.objc; path = YapDatabaseFullTextSearchTransaction.m; sourceTree = "<group>"; };
		F0A9403918B0919800CDB8D9 /* YapDatabaseExtensionPrivate.h */ = {isa = PBXFileReference; fileEncoding = 4; lastKnownFileType = sourcecode.c.h; path = YapDatabaseExtensionPrivate.h; sourceTree = "<group>"; };
		F0A9403A18B0919800CDB8D9 /* YapDatabaseExtension.h */ = {isa = PBXFileReference; fileEncoding = 4; lastKnownFileType = sourcecode.c.h; path = YapDatabaseExtension.h; sourceTree = "<group>"; };
		F0A9403B18B0919800CDB8D9 /* YapDatabaseExtension.m */ = {isa = PBXFileReference; fileEncoding = 4; lastKnownFileType = sourcecode.c.objc; path = YapDatabaseExtension.m; sourceTree = "<group>"; };
		F0A9403C18B0919800CDB8D9 /* YapDatabaseExtensionConnection.h */ = {isa = PBXFileReference; fileEncoding = 4; lastKnownFileType = sourcecode.c.h; path = YapDatabaseExtensionConnection.h; sourceTree = "<group>"; };
		F0A9403D18B0919800CDB8D9 /* YapDatabaseExtensionConnection.m */ = {isa = PBXFileReference; fileEncoding = 4; lastKnownFileType = sourcecode.c.objc; path = YapDatabaseExtensionConnection.m; sourceTree = "<group>"; };
		F0A9403E18B0919800CDB8D9 /* YapDatabaseExtensionTransaction.h */ = {isa = PBXFileReference; fileEncoding = 4; lastKnownFileType = sourcecode.c.h; path = YapDatabaseExtensionTransaction.h; sourceTree = "<group>"; };
		F0A9403F18B0919800CDB8D9 /* YapDatabaseExtensionTransaction.m */ = {isa = PBXFileReference; fileEncoding = 4; lastKnownFileType = sourcecode.c.objc; path = YapDatabaseExtensionTransaction.m; sourceTree = "<group>"; };
		F0A9404218B0919800CDB8D9 /* YapDatabaseSecondaryIndexPrivate.h */ = {isa = PBXFileReference; fileEncoding = 4; lastKnownFileType = sourcecode.c.h; path = YapDatabaseSecondaryIndexPrivate.h; sourceTree = "<group>"; };
		F0A9404318B0919800CDB8D9 /* YapDatabaseSecondaryIndex.h */ = {isa = PBXFileReference; fileEncoding = 4; lastKnownFileType = sourcecode.c.h; path = YapDatabaseSecondaryIndex.h; sourceTree = "<group>"; };
		F0A9404418B0919800CDB8D9 /* YapDatabaseSecondaryIndex.m */ = {isa = PBXFileReference; fileEncoding = 4; lastKnownFileType = sourcecode.c.objc; path = YapDatabaseSecondaryIndex.m; sourceTree = "<group>"; };
		F0A9404518B0919800CDB8D9 /* YapDatabaseSecondaryIndexConnection.h */ = {isa = PBXFileReference; fileEncoding = 4; lastKnownFileType = sourcecode.c.h; path = YapDatabaseSecondaryIndexConnection.h; sourceTree = "<group>"; };
		F0A9404618B0919800CDB8D9 /* YapDatabaseSecondaryIndexConnection.m */ = {isa = PBXFileReference; fileEncoding = 4; lastKnownFileType = sourcecode.c.objc; path = YapDatabaseSecondaryIndexConnection.m; sourceTree = "<group>"; };
		F0A9404718B0919800CDB8D9 /* YapDatabaseSecondaryIndexSetup.h */ = {isa = PBXFileReference; fileEncoding = 4; lastKnownFileType = sourcecode.c.h; path = YapDatabaseSecondaryIndexSetup.h; sourceTree = "<group>"; };
		F0A9404818B0919800CDB8D9 /* YapDatabaseSecondaryIndexSetup.m */ = {isa = PBXFileReference; fileEncoding = 4; lastKnownFileType = sourcecode.c.objc; path = YapDatabaseSecondaryIndexSetup.m; sourceTree = "<group>"; };
		F0A9404918B0919800CDB8D9 /* YapDatabaseSecondaryIndexTransaction.h */ = {isa = PBXFileReference; fileEncoding = 4; lastKnownFileType = sourcecode.c.h; path = YapDatabaseSecondaryIndexTransaction.h; sourceTree = "<group>"; };
		F0A9404A18B0919800CDB8D9 /* YapDatabaseSecondaryIndexTransaction.m */ = {isa = PBXFileReference; fileEncoding = 4; lastKnownFileType = sourcecode.c.objc; path = YapDatabaseSecondaryIndexTransaction.m; sourceTree = "<group>"; };
		F0A9404D18B0919800CDB8D9 /* YapDatabaseViewChangePrivate.h */ = {isa = PBXFileReference; fileEncoding = 4; lastKnownFileType = sourcecode.c.h; path = YapDatabaseViewChangePrivate.h; sourceTree = "<group>"; };
		F0A9404E18B0919800CDB8D9 /* YapDatabaseViewMappingsPrivate.h */ = {isa = PBXFileReference; fileEncoding = 4; lastKnownFileType = sourcecode.c.h; path = YapDatabaseViewMappingsPrivate.h; sourceTree = "<group>"; };
		F0A9404F18B0919800CDB8D9 /* YapDatabaseViewPage.h */ = {isa = PBXFileReference; fileEncoding = 4; lastKnownFileType = sourcecode.c.h; path = YapDatabaseViewPage.h; sourceTree = "<group>"; };
		F0A9405018B0919800CDB8D9 /* YapDatabaseViewPage.mm */ = {isa = PBXFileReference; fileEncoding = 4; lastKnownFileType = sourcecode.cpp.objcpp; path = YapDatabaseViewPage.mm; sourceTree = "<group>"; };
		F0A9405118B0919800CDB8D9 /* YapDatabaseViewPageMetadata.h */ = {isa = PBXFileReference; fileEncoding = 4; lastKnownFileType = sourcecode.c.h; path = YapDatabaseViewPageMetadata.h; sourceTree = "<group>"; };
		F0A9405218B0919800CDB8D9 /* YapDatabaseViewPageMetadata.m */ = {isa = PBXFileReference; fileEncoding = 4; lastKnownFileType = sourcecode.c.objc; path = YapDatabaseViewPageMetadata.m; sourceTree = "<group>"; };
		F0A9405318B0919800CDB8D9 /* YapDatabaseViewPrivate.h */ = {isa = PBXFileReference; fileEncoding = 4; lastKnownFileType = sourcecode.c.h; path = YapDatabaseViewPrivate.h; sourceTree = "<group>"; };
		F0A9405418B0919800CDB8D9 /* YapDatabaseViewRangeOptionsPrivate.h */ = {isa = PBXFileReference; fileEncoding = 4; lastKnownFileType = sourcecode.c.h; path = YapDatabaseViewRangeOptionsPrivate.h; sourceTree = "<group>"; };
		F0A9405618B0919800CDB8D9 /* YapDatabaseViewChange.h */ = {isa = PBXFileReference; fileEncoding = 4; lastKnownFileType = sourcecode.c.h; path = YapDatabaseViewChange.h; sourceTree = "<group>"; };
		F0A9405718B0919800CDB8D9 /* YapDatabaseViewChange.m */ = {isa = PBXFileReference; fileEncoding = 4; lastKnownFileType = sourcecode.c.objc; path = YapDatabaseViewChange.m; sourceTree = "<group>"; };
		F0A9405818B0919800CDB8D9 /* YapDatabaseViewMappings.h */ = {isa = PBXFileReference; fileEncoding = 4; lastKnownFileType = sourcecode.c.h; path = YapDatabaseViewMappings.h; sourceTree = "<group>"; };
		F0A9405918B0919800CDB8D9 /* YapDatabaseViewMappings.m */ = {isa = PBXFileReference; fileEncoding = 4; lastKnownFileType = sourcecode.c.objc; path = YapDatabaseViewMappings.m; sourceTree = "<group>"; };
		F0A9405A18B0919800CDB8D9 /* YapDatabaseViewRangeOptions.h */ = {isa = PBXFileReference; fileEncoding = 4; lastKnownFileType = sourcecode.c.h; path = YapDatabaseViewRangeOptions.h; sourceTree = "<group>"; };
		F0A9405B18B0919800CDB8D9 /* YapDatabaseViewRangeOptions.m */ = {isa = PBXFileReference; fileEncoding = 4; lastKnownFileType = sourcecode.c.objc; path = YapDatabaseViewRangeOptions.m; sourceTree = "<group>"; };
		F0A9405C18B0919800CDB8D9 /* YapDatabaseView.h */ = {isa = PBXFileReference; fileEncoding = 4; lastKnownFileType = sourcecode.c.h; path = YapDatabaseView.h; sourceTree = "<group>"; };
		F0A9405D18B0919800CDB8D9 /* YapDatabaseView.m */ = {isa = PBXFileReference; fileEncoding = 4; lastKnownFileType = sourcecode.c.objc; path = YapDatabaseView.m; sourceTree = "<group>"; };
		F0A9405E18B0919800CDB8D9 /* YapDatabaseViewConnection.h */ = {isa = PBXFileReference; fileEncoding = 4; lastKnownFileType = sourcecode.c.h; path = YapDatabaseViewConnection.h; sourceTree = "<group>"; };
		F0A9405F18B0919800CDB8D9 /* YapDatabaseViewConnection.m */ = {isa = PBXFileReference; fileEncoding = 4; lastKnownFileType = sourcecode.c.objc; path = YapDatabaseViewConnection.m; sourceTree = "<group>"; };
		F0A9406018B0919800CDB8D9 /* YapDatabaseViewOptions.h */ = {isa = PBXFileReference; fileEncoding = 4; lastKnownFileType = sourcecode.c.h; path = YapDatabaseViewOptions.h; sourceTree = "<group>"; };
		F0A9406118B0919800CDB8D9 /* YapDatabaseViewOptions.m */ = {isa = PBXFileReference; fileEncoding = 4; lastKnownFileType = sourcecode.c.objc; path = YapDatabaseViewOptions.m; sourceTree = "<group>"; };
		F0A9406218B0919800CDB8D9 /* YapDatabaseViewTransaction.h */ = {isa = PBXFileReference; fileEncoding = 4; lastKnownFileType = sourcecode.c.h; path = YapDatabaseViewTransaction.h; sourceTree = "<group>"; };
		F0A9406318B0919800CDB8D9 /* YapDatabaseViewTransaction.m */ = {isa = PBXFileReference; fileEncoding = 4; lastKnownFileType = sourcecode.c.objc; path = YapDatabaseViewTransaction.m; sourceTree = "<group>"; };
		F0A9406518B0919800CDB8D9 /* YapCache.h */ = {isa = PBXFileReference; fileEncoding = 4; lastKnownFileType = sourcecode.c.h; path = YapCache.h; sourceTree = "<group>"; };
		F0A9406618B0919800CDB8D9 /* YapCache.m */ = {isa = PBXFileReference; fileEncoding = 4; lastKnownFileType = sourcecode.c.objc; path = YapCache.m; sourceTree = "<group>"; };
		F0A9406718B0919800CDB8D9 /* YapDatabaseConnectionState.h */ = {isa = PBXFileReference; fileEncoding = 4; lastKnownFileType = sourcecode.c.h; path = YapDatabaseConnectionState.h; sourceTree = "<group>"; };
		F0A9406818B0919800CDB8D9 /* YapDatabaseConnectionState.m */ = {isa = PBXFileReference; fileEncoding = 4; lastKnownFileType = sourcecode.c.objc; path = YapDatabaseConnectionState.m; sourceTree = "<group>"; };
		F0A9406918B0919800CDB8D9 /* YapDatabaseDefaults.h */ = {isa = PBXFileReference; fileEncoding = 4; lastKnownFileType = sourcecode.c.h; path = YapDatabaseDefaults.h; sourceTree = "<group>"; };
		F0A9406A18B0919800CDB8D9 /* YapDatabaseDefaults.m */ = {isa = PBXFileReference; fileEncoding = 4; lastKnownFileType = sourcecode.c.objc; path = YapDatabaseDefaults.m; sourceTree = "<group>"; };
		F0A9406B18B0919800CDB8D9 /* YapDatabaseLogging.h */ = {isa = PBXFileReference; fileEncoding = 4; lastKnownFileType = sourcecode.c.h; path = YapDatabaseLogging.h; sourceTree = "<group>"; };
		F0A9406C18B0919800CDB8D9 /* YapDatabaseLogging.m */ = {isa = PBXFileReference; fileEncoding = 4; lastKnownFileType = sourcecode.c.objc; path = YapDatabaseLogging.m; sourceTree = "<group>"; };
		F0A9406D18B0919800CDB8D9 /* YapDatabaseManager.h */ = {isa = PBXFileReference; fileEncoding = 4; lastKnownFileType = sourcecode.c.h; path = YapDatabaseManager.h; sourceTree = "<group>"; };
		F0A9406E18B0919800CDB8D9 /* YapDatabaseManager.m */ = {isa = PBXFileReference; fileEncoding = 4; lastKnownFileType = sourcecode.c.objc; path = YapDatabaseManager.m; sourceTree = "<group>"; };
		F0A9406F18B0919800CDB8D9 /* YapDatabasePrivate.h */ = {isa = PBXFileReference; fileEncoding = 4; lastKnownFileType = sourcecode.c.h; path = YapDatabasePrivate.h; sourceTree = "<group>"; };
		F0A9407018B0919800CDB8D9 /* YapDatabaseStatement.h */ = {isa = PBXFileReference; fileEncoding = 4; lastKnownFileType = sourcecode.c.h; path = YapDatabaseStatement.h; sourceTree = "<group>"; };
		F0A9407118B0919800CDB8D9 /* YapDatabaseStatement.m */ = {isa = PBXFileReference; fileEncoding = 4; lastKnownFileType = sourcecode.c.objc; path = YapDatabaseStatement.m; sourceTree = "<group>"; };
		F0A9407218B0919800CDB8D9 /* YapDatabaseString.h */ = {isa = PBXFileReference; fileEncoding = 4; lastKnownFileType = sourcecode.c.h; path = YapDatabaseString.h; sourceTree = "<group>"; };
		F0A9407318B0919800CDB8D9 /* YapMemoryTable.h */ = {isa = PBXFileReference; fileEncoding = 4; lastKnownFileType = sourcecode.c.h; path = YapMemoryTable.h; sourceTree = "<group>"; };
		F0A9407418B0919800CDB8D9 /* YapMemoryTable.m */ = {isa = PBXFileReference; fileEncoding = 4; lastKnownFileType = sourcecode.c.objc; path = YapMemoryTable.m; sourceTree = "<group>"; };
		F0A9407518B0919800CDB8D9 /* YapNull.h */ = {isa = PBXFileReference; fileEncoding = 4; lastKnownFileType = sourcecode.c.h; path = YapNull.h; sourceTree = "<group>"; };
		F0A9407618B0919800CDB8D9 /* YapNull.m */ = {isa = PBXFileReference; fileEncoding = 4; lastKnownFileType = sourcecode.c.objc; path = YapNull.m; sourceTree = "<group>"; };
		F0A9407718B0919800CDB8D9 /* YapTouch.h */ = {isa = PBXFileReference; fileEncoding = 4; lastKnownFileType = sourcecode.c.h; path = YapTouch.h; sourceTree = "<group>"; };
		F0A9407818B0919800CDB8D9 /* YapTouch.m */ = {isa = PBXFileReference; fileEncoding = 4; lastKnownFileType = sourcecode.c.objc; path = YapTouch.m; sourceTree = "<group>"; };
		F0A9407918B0919800CDB8D9 /* LICENSE.txt */ = {isa = PBXFileReference; fileEncoding = 4; lastKnownFileType = text; path = LICENSE.txt; sourceTree = "<group>"; };
		F0A9407B18B0919800CDB8D9 /* YapCollectionKey.h */ = {isa = PBXFileReference; fileEncoding = 4; lastKnownFileType = sourcecode.c.h; path = YapCollectionKey.h; sourceTree = "<group>"; };
		F0A9407C18B0919800CDB8D9 /* YapCollectionKey.m */ = {isa = PBXFileReference; fileEncoding = 4; lastKnownFileType = sourcecode.c.objc; path = YapCollectionKey.m; sourceTree = "<group>"; };
		F0A9407D18B0919800CDB8D9 /* YapDatabaseQuery.h */ = {isa = PBXFileReference; fileEncoding = 4; lastKnownFileType = sourcecode.c.h; path = YapDatabaseQuery.h; sourceTree = "<group>"; };
		F0A9407E18B0919800CDB8D9 /* YapDatabaseQuery.m */ = {isa = PBXFileReference; fileEncoding = 4; lastKnownFileType = sourcecode.c.objc; path = YapDatabaseQuery.m; sourceTree = "<group>"; };
		F0A9407F18B0919800CDB8D9 /* YapSet.h */ = {isa = PBXFileReference; fileEncoding = 4; lastKnownFileType = sourcecode.c.h; path = YapSet.h; sourceTree = "<group>"; };
		F0A9408018B0919800CDB8D9 /* YapSet.m */ = {isa = PBXFileReference; fileEncoding = 4; lastKnownFileType = sourcecode.c.objc; path = YapSet.m; sourceTree = "<group>"; };
		F0A9408118B0919800CDB8D9 /* YapDatabase.h */ = {isa = PBXFileReference; fileEncoding = 4; lastKnownFileType = sourcecode.c.h; path = YapDatabase.h; sourceTree = "<group>"; };
		F0A9408218B0919800CDB8D9 /* YapDatabase.m */ = {isa = PBXFileReference; fileEncoding = 4; lastKnownFileType = sourcecode.c.objc; path = YapDatabase.m; sourceTree = "<group>"; };
		F0A9408318B0919800CDB8D9 /* YapDatabaseConnection.h */ = {isa = PBXFileReference; fileEncoding = 4; lastKnownFileType = sourcecode.c.h; path = YapDatabaseConnection.h; sourceTree = "<group>"; };
		F0A9408418B0919800CDB8D9 /* YapDatabaseConnection.m */ = {isa = PBXFileReference; fileEncoding = 4; lastKnownFileType = sourcecode.c.objc; path = YapDatabaseConnection.m; sourceTree = "<group>"; };
		F0A9408518B0919800CDB8D9 /* YapDatabaseTransaction.h */ = {isa = PBXFileReference; fileEncoding = 4; lastKnownFileType = sourcecode.c.h; path = YapDatabaseTransaction.h; sourceTree = "<group>"; };
		F0A9408618B0919800CDB8D9 /* YapDatabaseTransaction.m */ = {isa = PBXFileReference; fileEncoding = 4; lastKnownFileType = sourcecode.c.objc; path = YapDatabaseTransaction.m; sourceTree = "<group>"; };
		F0A940AE18B091F700CDB8D9 /* libsqlite3.dylib */ = {isa = PBXFileReference; lastKnownFileType = "compiled.mach-o.dylib"; name = libsqlite3.dylib; path = usr/lib/libsqlite3.dylib; sourceTree = SDKROOT; };
/* End PBXFileReference section */

/* Begin PBXFrameworksBuildPhase section */
		F0A93FDF18B090E500CDB8D9 /* Frameworks */ = {
			isa = PBXFrameworksBuildPhase;
			buildActionMask = 2147483647;
			files = (
				F0A940AF18B091F700CDB8D9 /* libsqlite3.dylib in Frameworks */,
				F0A93FE818B090E500CDB8D9 /* CoreGraphics.framework in Frameworks */,
				F0A93FEA18B090E500CDB8D9 /* UIKit.framework in Frameworks */,
				F0A93FE618B090E500CDB8D9 /* Foundation.framework in Frameworks */,
			);
			runOnlyForDeploymentPostprocessing = 0;
		};
		F0A9400318B090E500CDB8D9 /* Frameworks */ = {
			isa = PBXFrameworksBuildPhase;
			buildActionMask = 2147483647;
			files = (
				F0A9400818B090E500CDB8D9 /* XCTest.framework in Frameworks */,
				F0A9400A18B090E500CDB8D9 /* UIKit.framework in Frameworks */,
				F0A9400918B090E500CDB8D9 /* Foundation.framework in Frameworks */,
			);
			runOnlyForDeploymentPostprocessing = 0;
		};
/* End PBXFrameworksBuildPhase section */

/* Begin PBXGroup section */
		F0A93FD918B090E500CDB8D9 = {
			isa = PBXGroup;
			children = (
				F0A93FEB18B090E500CDB8D9 /* DZYAPDatabase */,
				F0A9400D18B090E500CDB8D9 /* DZYAPDatabaseTests */,
				F0A93FE418B090E500CDB8D9 /* Frameworks */,
				F0A93FE318B090E500CDB8D9 /* Products */,
			);
			sourceTree = "<group>";
		};
		F0A93FE318B090E500CDB8D9 /* Products */ = {
			isa = PBXGroup;
			children = (
				F0A93FE218B090E500CDB8D9 /* DZYAPDatabase.app */,
				F0A9400618B090E500CDB8D9 /* DZYAPDatabaseTests.xctest */,
			);
			name = Products;
			sourceTree = "<group>";
		};
		F0A93FE418B090E500CDB8D9 /* Frameworks */ = {
			isa = PBXGroup;
			children = (
				F0A940AE18B091F700CDB8D9 /* libsqlite3.dylib */,
				F0A93FE518B090E500CDB8D9 /* Foundation.framework */,
				F0A93FE718B090E500CDB8D9 /* CoreGraphics.framework */,
				F0A93FE918B090E500CDB8D9 /* UIKit.framework */,
				F0A9400718B090E500CDB8D9 /* XCTest.framework */,
			);
			name = Frameworks;
			sourceTree = "<group>";
		};
		F0A93FEB18B090E500CDB8D9 /* DZYAPDatabase */ = {
			isa = PBXGroup;
			children = (
				F0A9402118B0919800CDB8D9 /* YapDatabase */,
				F0A9401D18B0916000CDB8D9 /* DZYAPDatabase */,
				F0A93FF418B090E500CDB8D9 /* DZAppDelegate.h */,
				F0A93FF518B090E500CDB8D9 /* DZAppDelegate.m */,
				F0A93FF718B090E500CDB8D9 /* Main_iPhone.storyboard */,
				F0A93FFA18B090E500CDB8D9 /* Main_iPad.storyboard */,
				F0A93FFD18B090E500CDB8D9 /* DZViewController.h */,
				F0A93FFE18B090E500CDB8D9 /* DZViewController.m */,
				F0A9400018B090E500CDB8D9 /* Images.xcassets */,
				F0A93FEC18B090E500CDB8D9 /* Supporting Files */,
			);
			path = DZYAPDatabase;
			sourceTree = "<group>";
		};
		F0A93FEC18B090E500CDB8D9 /* Supporting Files */ = {
			isa = PBXGroup;
			children = (
				F0A93FED18B090E500CDB8D9 /* DZYAPDatabase-Info.plist */,
				F0A93FEE18B090E500CDB8D9 /* InfoPlist.strings */,
				F0A93FF118B090E500CDB8D9 /* main.m */,
				F0A93FF318B090E500CDB8D9 /* DZYAPDatabase-Prefix.pch */,
			);
			name = "Supporting Files";
			sourceTree = "<group>";
		};
		F0A9400D18B090E500CDB8D9 /* DZYAPDatabaseTests */ = {
			isa = PBXGroup;
			children = (
				F0A9401318B090E500CDB8D9 /* DZYAPDatabaseTests.m */,
				F0A9400E18B090E500CDB8D9 /* Supporting Files */,
			);
			path = DZYAPDatabaseTests;
			sourceTree = "<group>";
		};
		F0A9400E18B090E500CDB8D9 /* Supporting Files */ = {
			isa = PBXGroup;
			children = (
				F0A9400F18B090E500CDB8D9 /* DZYAPDatabaseTests-Info.plist */,
				F0A9401018B090E500CDB8D9 /* InfoPlist.strings */,
			);
			name = "Supporting Files";
			sourceTree = "<group>";
		};
		F0A9401D18B0916000CDB8D9 /* DZYAPDatabase */ = {
			isa = PBXGroup;
			children = (
				F0A9401E18B0917D00CDB8D9 /* DZYAPDatabase.h */,
				F0A9401F18B0917D00CDB8D9 /* DZYAPDatabase.m */,
			);
			name = DZYAPDatabase;
			sourceTree = "<group>";
		};
		F0A9402118B0919800CDB8D9 /* YapDatabase */ = {
			isa = PBXGroup;
			children = (
				F0A9402218B0919800CDB8D9 /* Extensions */,
				F0A9406418B0919800CDB8D9 /* Internal */,
				F0A9407918B0919800CDB8D9 /* LICENSE.txt */,
				F0A9407A18B0919800CDB8D9 /* Utilities */,
				F0A9408118B0919800CDB8D9 /* YapDatabase.h */,
				F0A9408218B0919800CDB8D9 /* YapDatabase.m */,
				F0A9408318B0919800CDB8D9 /* YapDatabaseConnection.h */,
				F0A9408418B0919800CDB8D9 /* YapDatabaseConnection.m */,
				F0A9408518B0919800CDB8D9 /* YapDatabaseTransaction.h */,
				F0A9408618B0919800CDB8D9 /* YapDatabaseTransaction.m */,
			);
			name = YapDatabase;
			path = vendor/YAPDatabase/YapDatabase;
			sourceTree = "<group>";
		};
		F0A9402218B0919800CDB8D9 /* Extensions */ = {
			isa = PBXGroup;
			children = (
				F0A9402318B0919800CDB8D9 /* FilteredViews */,
				F0A9402C18B0919800CDB8D9 /* FullTextSearch */,
				F0A9403718B0919800CDB8D9 /* Protocol */,
				F0A9404018B0919800CDB8D9 /* SecondaryIndex */,
				F0A9404B18B0919800CDB8D9 /* Views */,
			);
			path = Extensions;
			sourceTree = "<group>";
		};
		F0A9402318B0919800CDB8D9 /* FilteredViews */ = {
			isa = PBXGroup;
			children = (
				F0A9402418B0919800CDB8D9 /* Internal */,
				F0A9402618B0919800CDB8D9 /* YapDatabaseFilteredView.h */,
				F0A9402718B0919800CDB8D9 /* YapDatabaseFilteredView.m */,
				F0A9402818B0919800CDB8D9 /* YapDatabaseFilteredViewConnection.h */,
				F0A9402918B0919800CDB8D9 /* YapDatabaseFilteredViewConnection.m */,
				F0A9402A18B0919800CDB8D9 /* YapDatabaseFilteredViewTransaction.h */,
				F0A9402B18B0919800CDB8D9 /* YapDatabaseFilteredViewTransaction.m */,
			);
			path = FilteredViews;
			sourceTree = "<group>";
		};
		F0A9402418B0919800CDB8D9 /* Internal */ = {
			isa = PBXGroup;
			children = (
				F0A9402518B0919800CDB8D9 /* YapDatabaseFilteredViewPrivate.h */,
			);
			path = Internal;
			sourceTree = "<group>";
		};
		F0A9402C18B0919800CDB8D9 /* FullTextSearch */ = {
			isa = PBXGroup;
			children = (
				F0A9402D18B0919800CDB8D9 /* Internal */,
				F0A9402F18B0919800CDB8D9 /* YapDatabaseFullTextSearch.h */,
				F0A9403018B0919800CDB8D9 /* YapDatabaseFullTextSearch.m */,
				F0A9403118B0919800CDB8D9 /* YapDatabaseFullTextSearchConnection.h */,
				F0A9403218B0919800CDB8D9 /* YapDatabaseFullTextSearchConnection.m */,
				F0A9403318B0919800CDB8D9 /* YapDatabaseFullTextSearchSnippetOptions.h */,
				F0A9403418B0919800CDB8D9 /* YapDatabaseFullTextSearchSnippetOptions.m */,
				F0A9403518B0919800CDB8D9 /* YapDatabaseFullTextSearchTransaction.h */,
				F0A9403618B0919800CDB8D9 /* YapDatabaseFullTextSearchTransaction.m */,
			);
			path = FullTextSearch;
			sourceTree = "<group>";
		};
		F0A9402D18B0919800CDB8D9 /* Internal */ = {
			isa = PBXGroup;
			children = (
				F0A9402E18B0919800CDB8D9 /* YapDatabaseFullTextSearchPrivate.h */,
			);
			path = Internal;
			sourceTree = "<group>";
		};
		F0A9403718B0919800CDB8D9 /* Protocol */ = {
			isa = PBXGroup;
			children = (
				F0A9403818B0919800CDB8D9 /* Internal */,
				F0A9403A18B0919800CDB8D9 /* YapDatabaseExtension.h */,
				F0A9403B18B0919800CDB8D9 /* YapDatabaseExtension.m */,
				F0A9403C18B0919800CDB8D9 /* YapDatabaseExtensionConnection.h */,
				F0A9403D18B0919800CDB8D9 /* YapDatabaseExtensionConnection.m */,
				F0A9403E18B0919800CDB8D9 /* YapDatabaseExtensionTransaction.h */,
				F0A9403F18B0919800CDB8D9 /* YapDatabaseExtensionTransaction.m */,
			);
			path = Protocol;
			sourceTree = "<group>";
		};
		F0A9403818B0919800CDB8D9 /* Internal */ = {
			isa = PBXGroup;
			children = (
				F0A9403918B0919800CDB8D9 /* YapDatabaseExtensionPrivate.h */,
			);
			path = Internal;
			sourceTree = "<group>";
		};
		F0A9404018B0919800CDB8D9 /* SecondaryIndex */ = {
			isa = PBXGroup;
			children = (
				F0A9404118B0919800CDB8D9 /* Internal */,
				F0A9404318B0919800CDB8D9 /* YapDatabaseSecondaryIndex.h */,
				F0A9404418B0919800CDB8D9 /* YapDatabaseSecondaryIndex.m */,
				F0A9404518B0919800CDB8D9 /* YapDatabaseSecondaryIndexConnection.h */,
				F0A9404618B0919800CDB8D9 /* YapDatabaseSecondaryIndexConnection.m */,
				F0A9404718B0919800CDB8D9 /* YapDatabaseSecondaryIndexSetup.h */,
				F0A9404818B0919800CDB8D9 /* YapDatabaseSecondaryIndexSetup.m */,
				F0A9404918B0919800CDB8D9 /* YapDatabaseSecondaryIndexTransaction.h */,
				F0A9404A18B0919800CDB8D9 /* YapDatabaseSecondaryIndexTransaction.m */,
			);
			path = SecondaryIndex;
			sourceTree = "<group>";
		};
		F0A9404118B0919800CDB8D9 /* Internal */ = {
			isa = PBXGroup;
			children = (
				F0A9404218B0919800CDB8D9 /* YapDatabaseSecondaryIndexPrivate.h */,
			);
			path = Internal;
			sourceTree = "<group>";
		};
		F0A9404B18B0919800CDB8D9 /* Views */ = {
			isa = PBXGroup;
			children = (
				F0A9404C18B0919800CDB8D9 /* Internal */,
				F0A9405518B0919800CDB8D9 /* Utilities */,
				F0A9405C18B0919800CDB8D9 /* YapDatabaseView.h */,
				F0A9405D18B0919800CDB8D9 /* YapDatabaseView.m */,
				F0A9405E18B0919800CDB8D9 /* YapDatabaseViewConnection.h */,
				F0A9405F18B0919800CDB8D9 /* YapDatabaseViewConnection.m */,
				F0A9406018B0919800CDB8D9 /* YapDatabaseViewOptions.h */,
				F0A9406118B0919800CDB8D9 /* YapDatabaseViewOptions.m */,
				F0A9406218B0919800CDB8D9 /* YapDatabaseViewTransaction.h */,
				F0A9406318B0919800CDB8D9 /* YapDatabaseViewTransaction.m */,
			);
			path = Views;
			sourceTree = "<group>";
		};
		F0A9404C18B0919800CDB8D9 /* Internal */ = {
			isa = PBXGroup;
			children = (
				F0A9404D18B0919800CDB8D9 /* YapDatabaseViewChangePrivate.h */,
				F0A9404E18B0919800CDB8D9 /* YapDatabaseViewMappingsPrivate.h */,
				F0A9404F18B0919800CDB8D9 /* YapDatabaseViewPage.h */,
				F0A9405018B0919800CDB8D9 /* YapDatabaseViewPage.mm */,
				F0A9405118B0919800CDB8D9 /* YapDatabaseViewPageMetadata.h */,
				F0A9405218B0919800CDB8D9 /* YapDatabaseViewPageMetadata.m */,
				F0A9405318B0919800CDB8D9 /* YapDatabaseViewPrivate.h */,
				F0A9405418B0919800CDB8D9 /* YapDatabaseViewRangeOptionsPrivate.h */,
			);
			path = Internal;
			sourceTree = "<group>";
		};
		F0A9405518B0919800CDB8D9 /* Utilities */ = {
			isa = PBXGroup;
			children = (
				F0A9405618B0919800CDB8D9 /* YapDatabaseViewChange.h */,
				F0A9405718B0919800CDB8D9 /* YapDatabaseViewChange.m */,
				F0A9405818B0919800CDB8D9 /* YapDatabaseViewMappings.h */,
				F0A9405918B0919800CDB8D9 /* YapDatabaseViewMappings.m */,
				F0A9405A18B0919800CDB8D9 /* YapDatabaseViewRangeOptions.h */,
				F0A9405B18B0919800CDB8D9 /* YapDatabaseViewRangeOptions.m */,
			);
			path = Utilities;
			sourceTree = "<group>";
		};
		F0A9406418B0919800CDB8D9 /* Internal */ = {
			isa = PBXGroup;
			children = (
				F0A9406518B0919800CDB8D9 /* YapCache.h */,
				F0A9406618B0919800CDB8D9 /* YapCache.m */,
				F0A9406718B0919800CDB8D9 /* YapDatabaseConnectionState.h */,
				F0A9406818B0919800CDB8D9 /* YapDatabaseConnectionState.m */,
				F0A9406918B0919800CDB8D9 /* YapDatabaseDefaults.h */,
				F0A9406A18B0919800CDB8D9 /* YapDatabaseDefaults.m */,
				F0A9406B18B0919800CDB8D9 /* YapDatabaseLogging.h */,
				F0A9406C18B0919800CDB8D9 /* YapDatabaseLogging.m */,
				F0A9406D18B0919800CDB8D9 /* YapDatabaseManager.h */,
				F0A9406E18B0919800CDB8D9 /* YapDatabaseManager.m */,
				F0A9406F18B0919800CDB8D9 /* YapDatabasePrivate.h */,
				F0A9407018B0919800CDB8D9 /* YapDatabaseStatement.h */,
				F0A9407118B0919800CDB8D9 /* YapDatabaseStatement.m */,
				F0A9407218B0919800CDB8D9 /* YapDatabaseString.h */,
				F0A9407318B0919800CDB8D9 /* YapMemoryTable.h */,
				F0A9407418B0919800CDB8D9 /* YapMemoryTable.m */,
				F0A9407518B0919800CDB8D9 /* YapNull.h */,
				F0A9407618B0919800CDB8D9 /* YapNull.m */,
				F0A9407718B0919800CDB8D9 /* YapTouch.h */,
				F0A9407818B0919800CDB8D9 /* YapTouch.m */,
			);
			path = Internal;
			sourceTree = "<group>";
		};
		F0A9407A18B0919800CDB8D9 /* Utilities */ = {
			isa = PBXGroup;
			children = (
				F0A9407B18B0919800CDB8D9 /* YapCollectionKey.h */,
				F0A9407C18B0919800CDB8D9 /* YapCollectionKey.m */,
				F0A9407D18B0919800CDB8D9 /* YapDatabaseQuery.h */,
				F0A9407E18B0919800CDB8D9 /* YapDatabaseQuery.m */,
				F0A9407F18B0919800CDB8D9 /* YapSet.h */,
				F0A9408018B0919800CDB8D9 /* YapSet.m */,
			);
			path = Utilities;
			sourceTree = "<group>";
		};
/* End PBXGroup section */

/* Begin PBXNativeTarget section */
		F0A93FE118B090E500CDB8D9 /* DZYAPDatabase */ = {
			isa = PBXNativeTarget;
			buildConfigurationList = F0A9401718B090E500CDB8D9 /* Build configuration list for PBXNativeTarget "DZYAPDatabase" */;
			buildPhases = (
				F0A93FDE18B090E500CDB8D9 /* Sources */,
				F0A93FDF18B090E500CDB8D9 /* Frameworks */,
				F0A93FE018B090E500CDB8D9 /* Resources */,
			);
			buildRules = (
			);
			dependencies = (
			);
			name = DZYAPDatabase;
			productName = DZYAPDatabase;
			productReference = F0A93FE218B090E500CDB8D9 /* DZYAPDatabase.app */;
			productType = "com.apple.product-type.application";
		};
		F0A9400518B090E500CDB8D9 /* DZYAPDatabaseTests */ = {
			isa = PBXNativeTarget;
			buildConfigurationList = F0A9401A18B090E500CDB8D9 /* Build configuration list for PBXNativeTarget "DZYAPDatabaseTests" */;
			buildPhases = (
				F0A9400218B090E500CDB8D9 /* Sources */,
				F0A9400318B090E500CDB8D9 /* Frameworks */,
				F0A9400418B090E500CDB8D9 /* Resources */,
			);
			buildRules = (
			);
			dependencies = (
				F0A9400C18B090E500CDB8D9 /* PBXTargetDependency */,
			);
			name = DZYAPDatabaseTests;
			productName = DZYAPDatabaseTests;
			productReference = F0A9400618B090E500CDB8D9 /* DZYAPDatabaseTests.xctest */;
			productType = "com.apple.product-type.bundle.unit-test";
		};
/* End PBXNativeTarget section */

/* Begin PBXProject section */
		F0A93FDA18B090E500CDB8D9 /* Project object */ = {
			isa = PBXProject;
			attributes = {
				CLASSPREFIX = DZ;
				LastUpgradeCheck = 0500;
				ORGANIZATIONNAME = "Nikhil Nigade";
				TargetAttributes = {
					F0A9400518B090E500CDB8D9 = {
						TestTargetID = F0A93FE118B090E500CDB8D9;
					};
				};
			};
			buildConfigurationList = F0A93FDD18B090E500CDB8D9 /* Build configuration list for PBXProject "DZYAPDatabase" */;
			compatibilityVersion = "Xcode 3.2";
			developmentRegion = English;
			hasScannedForEncodings = 0;
			knownRegions = (
				en,
				Base,
			);
			mainGroup = F0A93FD918B090E500CDB8D9;
			productRefGroup = F0A93FE318B090E500CDB8D9 /* Products */;
			projectDirPath = "";
			projectRoot = "";
			targets = (
				F0A93FE118B090E500CDB8D9 /* DZYAPDatabase */,
				F0A9400518B090E500CDB8D9 /* DZYAPDatabaseTests */,
			);
		};
/* End PBXProject section */

/* Begin PBXResourcesBuildPhase section */
		F0A93FE018B090E500CDB8D9 /* Resources */ = {
			isa = PBXResourcesBuildPhase;
			buildActionMask = 2147483647;
			files = (
				F0A93FFC18B090E500CDB8D9 /* Main_iPad.storyboard in Resources */,
				F0A9400118B090E500CDB8D9 /* Images.xcassets in Resources */,
				F0A93FF918B090E500CDB8D9 /* Main_iPhone.storyboard in Resources */,
				F0A940A718B0919800CDB8D9 /* LICENSE.txt in Resources */,
				F0A93FF018B090E500CDB8D9 /* InfoPlist.strings in Resources */,
			);
			runOnlyForDeploymentPostprocessing = 0;
		};
		F0A9400418B090E500CDB8D9 /* Resources */ = {
			isa = PBXResourcesBuildPhase;
			buildActionMask = 2147483647;
			files = (
				F0A9401218B090E500CDB8D9 /* InfoPlist.strings in Resources */,
			);
			runOnlyForDeploymentPostprocessing = 0;
		};
/* End PBXResourcesBuildPhase section */

/* Begin PBXSourcesBuildPhase section */
		F0A93FDE18B090E500CDB8D9 /* Sources */ = {
			isa = PBXSourcesBuildPhase;
			buildActionMask = 2147483647;
			files = (
				F0A940A418B0919800CDB8D9 /* YapMemoryTable.m in Sources */,
				F0A9408B18B0919800CDB8D9 /* YapDatabaseFullTextSearchConnection.m in Sources */,
				F0A9409B18B0919800CDB8D9 /* YapDatabaseViewConnection.m in Sources */,
				F0A9409118B0919800CDB8D9 /* YapDatabaseSecondaryIndex.m in Sources */,
				F0A9409E18B0919800CDB8D9 /* YapCache.m in Sources */,
				F0A9408E18B0919800CDB8D9 /* YapDatabaseExtension.m in Sources */,
				F0A9409D18B0919800CDB8D9 /* YapDatabaseViewTransaction.m in Sources */,
				F0A9409918B0919800CDB8D9 /* YapDatabaseViewRangeOptions.m in Sources */,
				F0A940AA18B0919800CDB8D9 /* YapSet.m in Sources */,
				F0A9408D18B0919800CDB8D9 /* YapDatabaseFullTextSearchTransaction.m in Sources */,
				F0A93FF618B090E500CDB8D9 /* DZAppDelegate.m in Sources */,
				F0A940A218B0919800CDB8D9 /* YapDatabaseManager.m in Sources */,
				F0A9409818B0919800CDB8D9 /* YapDatabaseViewMappings.m in Sources */,
				F0A940A518B0919800CDB8D9 /* YapNull.m in Sources */,
				F0A93FFF18B090E500CDB8D9 /* DZViewController.m in Sources */,
				F0A940AB18B0919800CDB8D9 /* YapDatabase.m in Sources */,
				F0A9409318B0919800CDB8D9 /* YapDatabaseSecondaryIndexSetup.m in Sources */,
				F0A93FF218B090E500CDB8D9 /* main.m in Sources */,
				F0A9408F18B0919800CDB8D9 /* YapDatabaseExtensionConnection.m in Sources */,
				F0A9408A18B0919800CDB8D9 /* YapDatabaseFullTextSearch.m in Sources */,
				F0A9409018B0919800CDB8D9 /* YapDatabaseExtensionTransaction.m in Sources */,
				F0A9408718B0919800CDB8D9 /* YapDatabaseFilteredView.m in Sources */,
				F0A940A118B0919800CDB8D9 /* YapDatabaseLogging.m in Sources */,
				F0A940A018B0919800CDB8D9 /* YapDatabaseDefaults.m in Sources */,
				F0A940A818B0919800CDB8D9 /* YapCollectionKey.m in Sources */,
				F0A9409C18B0919800CDB8D9 /* YapDatabaseViewOptions.m in Sources */,
				F0A9409A18B0919800CDB8D9 /* YapDatabaseView.m in Sources */,
				F0A9409618B0919800CDB8D9 /* YapDatabaseViewPageMetadata.m in Sources */,
				F0A9409518B0919800CDB8D9 /* YapDatabaseViewPage.mm in Sources */,
				F0A9409418B0919800CDB8D9 /* YapDatabaseSecondaryIndexTransaction.m in Sources */,
				F0A940A318B0919800CDB8D9 /* YapDatabaseStatement.m in Sources */,
				F0A9409F18B0919800CDB8D9 /* YapDatabaseConnectionState.m in Sources */,
				F0A9408C18B0919800CDB8D9 /* YapDatabaseFullTextSearchSnippetOptions.m in Sources */,
				F0A940A618B0919800CDB8D9 /* YapTouch.m in Sources */,
				F0A940AD18B0919800CDB8D9 /* YapDatabaseTransaction.m in Sources */,
				F0A9402018B0917D00CDB8D9 /* DZYAPDatabase.m in Sources */,
				F0A940AC18B0919800CDB8D9 /* YapDatabaseConnection.m in Sources */,
				F0A9409718B0919800CDB8D9 /* YapDatabaseViewChange.m in Sources */,
				F0A940A918B0919800CDB8D9 /* YapDatabaseQuery.m in Sources */,
				F0A9408818B0919800CDB8D9 /* YapDatabaseFilteredViewConnection.m in Sources */,
				F0A9408918B0919800CDB8D9 /* YapDatabaseFilteredViewTransaction.m in Sources */,
				F0A9409218B0919800CDB8D9 /* YapDatabaseSecondaryIndexConnection.m in Sources */,
			);
			runOnlyForDeploymentPostprocessing = 0;
		};
		F0A9400218B090E500CDB8D9 /* Sources */ = {
			isa = PBXSourcesBuildPhase;
			buildActionMask = 2147483647;
			files = (
				F0A9401418B090E500CDB8D9 /* DZYAPDatabaseTests.m in Sources */,
			);
			runOnlyForDeploymentPostprocessing = 0;
		};
/* End PBXSourcesBuildPhase section */

/* Begin PBXTargetDependency section */
		F0A9400C18B090E500CDB8D9 /* PBXTargetDependency */ = {
			isa = PBXTargetDependency;
			target = F0A93FE118B090E500CDB8D9 /* DZYAPDatabase */;
			targetProxy = F0A9400B18B090E500CDB8D9 /* PBXContainerItemProxy */;
		};
/* End PBXTargetDependency section */

/* Begin PBXVariantGroup section */
		F0A93FEE18B090E500CDB8D9 /* InfoPlist.strings */ = {
			isa = PBXVariantGroup;
			children = (
				F0A93FEF18B090E500CDB8D9 /* en */,
			);
			name = InfoPlist.strings;
			sourceTree = "<group>";
		};
		F0A93FF718B090E500CDB8D9 /* Main_iPhone.storyboard */ = {
			isa = PBXVariantGroup;
			children = (
				F0A93FF818B090E500CDB8D9 /* Base */,
			);
			name = Main_iPhone.storyboard;
			sourceTree = "<group>";
		};
		F0A93FFA18B090E500CDB8D9 /* Main_iPad.storyboard */ = {
			isa = PBXVariantGroup;
			children = (
				F0A93FFB18B090E500CDB8D9 /* Base */,
			);
			name = Main_iPad.storyboard;
			sourceTree = "<group>";
		};
		F0A9401018B090E500CDB8D9 /* InfoPlist.strings */ = {
			isa = PBXVariantGroup;
			children = (
				F0A9401118B090E500CDB8D9 /* en */,
			);
			name = InfoPlist.strings;
			sourceTree = "<group>";
		};
/* End PBXVariantGroup section */

/* Begin XCBuildConfiguration section */
		F0A9401518B090E500CDB8D9 /* Debug */ = {
			isa = XCBuildConfiguration;
			buildSettings = {
				ALWAYS_SEARCH_USER_PATHS = NO;
				ARCHS = "$(ARCHS_STANDARD_INCLUDING_64_BIT)";
				CLANG_CXX_LANGUAGE_STANDARD = "gnu++0x";
				CLANG_CXX_LIBRARY = "libc++";
				CLANG_ENABLE_MODULES = YES;
				CLANG_ENABLE_OBJC_ARC = YES;
				CLANG_WARN_BOOL_CONVERSION = YES;
				CLANG_WARN_CONSTANT_CONVERSION = YES;
				CLANG_WARN_DIRECT_OBJC_ISA_USAGE = YES_ERROR;
				CLANG_WARN_EMPTY_BODY = YES;
				CLANG_WARN_ENUM_CONVERSION = YES;
				CLANG_WARN_INT_CONVERSION = YES;
				CLANG_WARN_OBJC_ROOT_CLASS = YES_ERROR;
				CLANG_WARN__DUPLICATE_METHOD_MATCH = YES;
				"CODE_SIGN_IDENTITY[sdk=iphoneos*]" = "iPhone Developer";
				COPY_PHASE_STRIP = NO;
				GCC_C_LANGUAGE_STANDARD = gnu99;
				GCC_DYNAMIC_NO_PIC = NO;
				GCC_OPTIMIZATION_LEVEL = 0;
				GCC_PREPROCESSOR_DEFINITIONS = (
					"DEBUG=1",
					"$(inherited)",
				);
				GCC_SYMBOLS_PRIVATE_EXTERN = NO;
				GCC_WARN_64_TO_32_BIT_CONVERSION = YES;
				GCC_WARN_ABOUT_RETURN_TYPE = YES_ERROR;
				GCC_WARN_UNDECLARED_SELECTOR = YES;
				GCC_WARN_UNINITIALIZED_AUTOS = YES;
				GCC_WARN_UNUSED_FUNCTION = YES;
				GCC_WARN_UNUSED_VARIABLE = YES;
				IPHONEOS_DEPLOYMENT_TARGET = 7.0;
				ONLY_ACTIVE_ARCH = YES;
				SDKROOT = iphoneos;
				TARGETED_DEVICE_FAMILY = "1,2";
			};
			name = Debug;
		};
		F0A9401618B090E500CDB8D9 /* Release */ = {
			isa = XCBuildConfiguration;
			buildSettings = {
				ALWAYS_SEARCH_USER_PATHS = NO;
				ARCHS = "$(ARCHS_STANDARD_INCLUDING_64_BIT)";
				CLANG_CXX_LANGUAGE_STANDARD = "gnu++0x";
				CLANG_CXX_LIBRARY = "libc++";
				CLANG_ENABLE_MODULES = YES;
				CLANG_ENABLE_OBJC_ARC = YES;
				CLANG_WARN_BOOL_CONVERSION = YES;
				CLANG_WARN_CONSTANT_CONVERSION = YES;
				CLANG_WARN_DIRECT_OBJC_ISA_USAGE = YES_ERROR;
				CLANG_WARN_EMPTY_BODY = YES;
				CLANG_WARN_ENUM_CONVERSION = YES;
				CLANG_WARN_INT_CONVERSION = YES;
				CLANG_WARN_OBJC_ROOT_CLASS = YES_ERROR;
				CLANG_WARN__DUPLICATE_METHOD_MATCH = YES;
				"CODE_SIGN_IDENTITY[sdk=iphoneos*]" = "iPhone Developer";
				COPY_PHASE_STRIP = YES;
				ENABLE_NS_ASSERTIONS = NO;
				GCC_C_LANGUAGE_STANDARD = gnu99;
				GCC_WARN_64_TO_32_BIT_CONVERSION = YES;
				GCC_WARN_ABOUT_RETURN_TYPE = YES_ERROR;
				GCC_WARN_UNDECLARED_SELECTOR = YES;
				GCC_WARN_UNINITIALIZED_AUTOS = YES;
				GCC_WARN_UNUSED_FUNCTION = YES;
				GCC_WARN_UNUSED_VARIABLE = YES;
				IPHONEOS_DEPLOYMENT_TARGET = 7.0;
				SDKROOT = iphoneos;
				TARGETED_DEVICE_FAMILY = "1,2";
				VALIDATE_PRODUCT = YES;
			};
			name = Release;
		};
		F0A9401818B090E500CDB8D9 /* Debug */ = {
			isa = XCBuildConfiguration;
			buildSettings = {
				ASSETCATALOG_COMPILER_APPICON_NAME = AppIcon;
				ASSETCATALOG_COMPILER_LAUNCHIMAGE_NAME = LaunchImage;
				GCC_PRECOMPILE_PREFIX_HEADER = YES;
				GCC_PREFIX_HEADER = "DZYAPDatabase/DZYAPDatabase-Prefix.pch";
				INFOPLIST_FILE = "DZYAPDatabase/DZYAPDatabase-Info.plist";
				PRODUCT_NAME = "$(TARGET_NAME)";
				WRAPPER_EXTENSION = app;
			};
			name = Debug;
		};
		F0A9401918B090E500CDB8D9 /* Release */ = {
			isa = XCBuildConfiguration;
			buildSettings = {
				ASSETCATALOG_COMPILER_APPICON_NAME = AppIcon;
				ASSETCATALOG_COMPILER_LAUNCHIMAGE_NAME = LaunchImage;
				GCC_PRECOMPILE_PREFIX_HEADER = YES;
				GCC_PREFIX_HEADER = "DZYAPDatabase/DZYAPDatabase-Prefix.pch";
				INFOPLIST_FILE = "DZYAPDatabase/DZYAPDatabase-Info.plist";
				PRODUCT_NAME = "$(TARGET_NAME)";
				WRAPPER_EXTENSION = app;
			};
			name = Release;
		};
		F0A9401B18B090E500CDB8D9 /* Debug */ = {
			isa = XCBuildConfiguration;
			buildSettings = {
				ARCHS = "$(ARCHS_STANDARD_INCLUDING_64_BIT)";
				BUNDLE_LOADER = "$(BUILT_PRODUCTS_DIR)/DZYAPDatabase.app/DZYAPDatabase";
				FRAMEWORK_SEARCH_PATHS = (
					"$(SDKROOT)/Developer/Library/Frameworks",
					"$(inherited)",
					"$(DEVELOPER_FRAMEWORKS_DIR)",
				);
				GCC_PRECOMPILE_PREFIX_HEADER = YES;
				GCC_PREFIX_HEADER = "DZYAPDatabase/DZYAPDatabase-Prefix.pch";
				GCC_PREPROCESSOR_DEFINITIONS = (
					"DEBUG=1",
					"$(inherited)",
				);
				INFOPLIST_FILE = "DZYAPDatabaseTests/DZYAPDatabaseTests-Info.plist";
				PRODUCT_NAME = "$(TARGET_NAME)";
				TEST_HOST = "$(BUNDLE_LOADER)";
				WRAPPER_EXTENSION = xctest;
			};
			name = Debug;
		};
		F0A9401C18B090E500CDB8D9 /* Release */ = {
			isa = XCBuildConfiguration;
			buildSettings = {
				ARCHS = "$(ARCHS_STANDARD_INCLUDING_64_BIT)";
				BUNDLE_LOADER = "$(BUILT_PRODUCTS_DIR)/DZYAPDatabase.app/DZYAPDatabase";
				FRAMEWORK_SEARCH_PATHS = (
					"$(SDKROOT)/Developer/Library/Frameworks",
					"$(inherited)",
					"$(DEVELOPER_FRAMEWORKS_DIR)",
				);
				GCC_PRECOMPILE_PREFIX_HEADER = YES;
				GCC_PREFIX_HEADER = "DZYAPDatabase/DZYAPDatabase-Prefix.pch";
				INFOPLIST_FILE = "DZYAPDatabaseTests/DZYAPDatabaseTests-Info.plist";
				PRODUCT_NAME = "$(TARGET_NAME)";
				TEST_HOST = "$(BUNDLE_LOADER)";
				WRAPPER_EXTENSION = xctest;
			};
			name = Release;
		};
/* End XCBuildConfiguration section */

/* Begin XCConfigurationList section */
		F0A93FDD18B090E500CDB8D9 /* Build configuration list for PBXProject "DZYAPDatabase" */ = {
			isa = XCConfigurationList;
			buildConfigurations = (
				F0A9401518B090E500CDB8D9 /* Debug */,
				F0A9401618B090E500CDB8D9 /* Release */,
			);
			defaultConfigurationIsVisible = 0;
			defaultConfigurationName = Release;
		};
		F0A9401718B090E500CDB8D9 /* Build configuration list for PBXNativeTarget "DZYAPDatabase" */ = {
			isa = XCConfigurationList;
			buildConfigurations = (
				F0A9401818B090E500CDB8D9 /* Debug */,
				F0A9401918B090E500CDB8D9 /* Release */,
			);
			defaultConfigurationIsVisible = 0;
		};
		F0A9401A18B090E500CDB8D9 /* Build configuration list for PBXNativeTarget "DZYAPDatabaseTests" */ = {
			isa = XCConfigurationList;
			buildConfigurations = (
				F0A9401B18B090E500CDB8D9 /* Debug */,
				F0A9401C18B090E500CDB8D9 /* Release */,
			);
			defaultConfigurationIsVisible = 0;
		};
/* End XCConfigurationList section */
	};
	rootObject = F0A93FDA18B090E500CDB8D9 /* Project object */;
}
